<?xml version="1.0" encoding="utf-8"?>
<Project ToolsVersion="4.0" xmlns="http://schemas.microsoft.com/developer/msbuild/2003">
  <ItemGroup>
    <ClCompile Include="character.cpp" />
    <ClCompile Include="Dungeon.cpp" />
    <ClCompile Include="gameMenu.cpp" />
    <ClCompile Include="main.cpp" />
    <ClCompile Include="newGame.cpp" />
    <ClCompile Include="position.cpp" />
    <ClCompile Include="windowMap.cpp" />
    <ClCompile Include="sqlConnect.cpp" />
  </ItemGroup>
  <ItemGroup>
    <ClInclude Include="character.h" />
    <ClInclude Include="Dungeon.h" />
    <ClInclude Include="gameMenu.h" />
    <ClInclude Include="list.hpp" />
    <ClInclude Include="mapTab.h" />
    <ClInclude Include="newGame.h" />
    <ClInclude Include="position.h" />
    <ClInclude Include="windowMap.h" />
    <ClInclude Include="sqlConnect.h" />
  </ItemGroup>
  <ItemGroup>
    <None Include="packages.config" />
  </ItemGroup>
</Project>